
Microsoft Visual Studio Solution File, Format Version 12.00
# Visual Studio Version 17
VisualStudioVersion = 17.0.31903.59
MinimumVisualStudioVersion = 10.0.40219.1
Project("{FAE04EC0-301F-11D3-BF4B-00C04F79EFBC}") = "Calcul", "Calcul\Calcul.csproj", "{8961D14F-28A2-41DB-9EB8-8086C8AB1567}"
EndProject
Project("{FAE04EC0-301F-11D3-BF4B-00C04F79EFBC}") = "CalculTests", "CalculTests\CalculTests.csproj", "{FF4E28EE-6F58-4227-B039-9E9D926BF66D}"
EndProject
Global
	GlobalSection(SolutionConfigurationPlatforms) = preSolution
		Debug|Any CPU = Debug|Any CPU
		Release|Any CPU = Release|Any CPU
	EndGlobalSection
	GlobalSection(SolutionProperties) = preSolution
		HideSolutionNode = FALSE
	EndGlobalSection
	GlobalSection(ProjectConfigurationPlatforms) = postSolution
		{8961D14F-28A2-41DB-9EB8-8086C8AB1567}.Debug|Any CPU.ActiveCfg = Debug|Any CPU
		{8961D14F-28A2-41DB-9EB8-8086C8AB1567}.Debug|Any CPU.Build.0 = Debug|Any CPU
		{8961D14F-28A2-41DB-9EB8-8086C8AB1567}.Release|Any CPU.ActiveCfg = Release|Any CPU
		{8961D14F-28A2-41DB-9EB8-8086C8AB1567}.Release|Any CPU.Build.0 = Release|Any CPU
		{FF4E28EE-6F58-4227-B039-9E9D926BF66D}.Debug|Any CPU.ActiveCfg = Debug|Any CPU
		{FF4E28EE-6F58-4227-B039-9E9D926BF66D}.Debug|Any CPU.Build.0 = Debug|Any CPU
		{FF4E28EE-6F58-4227-B039-9E9D926BF66D}.Release|Any CPU.ActiveCfg = Release|Any CPU
		{FF4E28EE-6F58-4227-B039-9E9D926BF66D}.Release|Any CPU.Build.0 = Release|Any CPU
	EndGlobalSection
EndGlobal
